
Microsoft Visual Studio Solution File, Format Version 12.00
# Visual Studio 2012
Project("{FAE04EC0-301F-11D3-BF4B-00C04F79EFBC}") = "1.LeapYear", "1.LeapYear\1.LeapYear.csproj", "{281D6C83-7EE8-46C1-9D9B-B2A383F1233B}"
EndProject
Project("{FAE04EC0-301F-11D3-BF4B-00C04F79EFBC}") = "2.RandomValues", "2.RandomValues\2.RandomValues.csproj", "{3000A0B6-A0E8-46D2-81F9-8830A8EBF8C2}"
EndProject
Project("{FAE04EC0-301F-11D3-BF4B-00C04F79EFBC}") = "3.DayOfWeek", "3.DayOfWeek\3.DayOfWeek.csproj", "{67A4B93D-8C3B-4FCD-8025-0259A184B30E}"
EndProject
Project("{FAE04EC0-301F-11D3-BF4B-00C04F79EFBC}") = "4.TriangleSurface", "4.TriangleSurface\4.TriangleSurface.csproj", "{8BA8D27B-4A8E-4F10-B01B-B5160DE28DB6}"
EndProject
Project("{FAE04EC0-301F-11D3-BF4B-00C04F79EFBC}") = "5.WorkingDays", "5.WorkingDays\5.WorkingDays.csproj", "{EDF14DCA-38A6-4221-B4A4-9D53ACBEDBB9}"
EndProject
Project("{FAE04EC0-301F-11D3-BF4B-00C04F79EFBC}") = "6.SplitStringToIntegers", "6.SplitStringToIntegers\6.SplitStringToIntegers.csproj", "{462B9CB6-F275-4EFB-A2CC-BCA0529CBD2B}"
EndProject
Global
	GlobalSection(SolutionConfigurationPlatforms) = preSolution
		Debug|Any CPU = Debug|Any CPU
		Release|Any CPU = Release|Any CPU
	EndGlobalSection
	GlobalSection(ProjectConfigurationPlatforms) = postSolution
		{281D6C83-7EE8-46C1-9D9B-B2A383F1233B}.Debug|Any CPU.ActiveCfg = Debug|Any CPU
		{281D6C83-7EE8-46C1-9D9B-B2A383F1233B}.Debug|Any CPU.Build.0 = Debug|Any CPU
		{281D6C83-7EE8-46C1-9D9B-B2A383F1233B}.Release|Any CPU.ActiveCfg = Release|Any CPU
		{281D6C83-7EE8-46C1-9D9B-B2A383F1233B}.Release|Any CPU.Build.0 = Release|Any CPU
		{3000A0B6-A0E8-46D2-81F9-8830A8EBF8C2}.Debug|Any CPU.ActiveCfg = Debug|Any CPU
		{3000A0B6-A0E8-46D2-81F9-8830A8EBF8C2}.Debug|Any CPU.Build.0 = Debug|Any CPU
		{3000A0B6-A0E8-46D2-81F9-8830A8EBF8C2}.Release|Any CPU.ActiveCfg = Release|Any CPU
		{3000A0B6-A0E8-46D2-81F9-8830A8EBF8C2}.Release|Any CPU.Build.0 = Release|Any CPU
		{67A4B93D-8C3B-4FCD-8025-0259A184B30E}.Debug|Any CPU.ActiveCfg = Debug|Any CPU
		{67A4B93D-8C3B-4FCD-8025-0259A184B30E}.Debug|Any CPU.Build.0 = Debug|Any CPU
		{67A4B93D-8C3B-4FCD-8025-0259A184B30E}.Release|Any CPU.ActiveCfg = Release|Any CPU
		{67A4B93D-8C3B-4FCD-8025-0259A184B30E}.Release|Any CPU.Build.0 = Release|Any CPU
		{8BA8D27B-4A8E-4F10-B01B-B5160DE28DB6}.Debug|Any CPU.ActiveCfg = Debug|Any CPU
		{8BA8D27B-4A8E-4F10-B01B-B5160DE28DB6}.Debug|Any CPU.Build.0 = Debug|Any CPU
		{8BA8D27B-4A8E-4F10-B01B-B5160DE28DB6}.Release|Any CPU.ActiveCfg = Release|Any CPU
		{8BA8D27B-4A8E-4F10-B01B-B5160DE28DB6}.Release|Any CPU.Build.0 = Release|Any CPU
		{EDF14DCA-38A6-4221-B4A4-9D53ACBEDBB9}.Debug|Any CPU.ActiveCfg = Debug|Any CPU
		{EDF14DCA-38A6-4221-B4A4-9D53ACBEDBB9}.Debug|Any CPU.Build.0 = Debug|Any CPU
		{EDF14DCA-38A6-4221-B4A4-9D53ACBEDBB9}.Release|Any CPU.ActiveCfg = Release|Any CPU
		{EDF14DCA-38A6-4221-B4A4-9D53ACBEDBB9}.Release|Any CPU.Build.0 = Release|Any CPU
		{462B9CB6-F275-4EFB-A2CC-BCA0529CBD2B}.Debug|Any CPU.ActiveCfg = Debug|Any CPU
		{462B9CB6-F275-4EFB-A2CC-BCA0529CBD2B}.Debug|Any CPU.Build.0 = Debug|Any CPU
		{462B9CB6-F275-4EFB-A2CC-BCA0529CBD2B}.Release|Any CPU.ActiveCfg = Release|Any CPU
		{462B9CB6-F275-4EFB-A2CC-BCA0529CBD2B}.Release|Any CPU.Build.0 = Release|Any CPU
	EndGlobalSection
	GlobalSection(SolutionProperties) = preSolution
		HideSolutionNode = FALSE
	EndGlobalSection
EndGlobal
